// !$*UTF8*$!
{
	archiveVersion = 1;
	classes = {
	};
	objectVersion = 46;
	objects = {

/* Begin PBXBuildFile section */
		A44A1BB91914D3EF00846096 /* Foundation.framework in Frameworks */ = {isa = PBXBuildFile; fileRef = A44A1BB81914D3EF00846096 /* Foundation.framework */; };
		A44A1BBB1914D3EF00846096 /* CoreGraphics.framework in Frameworks */ = {isa = PBXBuildFile; fileRef = A44A1BBA1914D3EF00846096 /* CoreGraphics.framework */; };
		A44A1BBD1914D3EF00846096 /* UIKit.framework in Frameworks */ = {isa = PBXBuildFile; fileRef = A44A1BBC1914D3EF00846096 /* UIKit.framework */; };
		A44A1BC31914D3EF00846096 /* InfoPlist.strings in Resources */ = {isa = PBXBuildFile; fileRef = A44A1BC11914D3EF00846096 /* InfoPlist.strings */; };
		A44A1BC51914D3EF00846096 /* main.m in Sources */ = {isa = PBXBuildFile; fileRef = A44A1BC41914D3EF00846096 /* main.m */; };
		A44A1BC91914D3EF00846096 /* restkitAppDelegate.m in Sources */ = {isa = PBXBuildFile; fileRef = A44A1BC81914D3EF00846096 /* restkitAppDelegate.m */; };
		A44A1BCC1914D3EF00846096 /* Main_iPhone.storyboard in Resources */ = {isa = PBXBuildFile; fileRef = A44A1BCA1914D3EF00846096 /* Main_iPhone.storyboard */; };
		A44A1BCF1914D3EF00846096 /* Main_iPad.storyboard in Resources */ = {isa = PBXBuildFile; fileRef = A44A1BCD1914D3EF00846096 /* Main_iPad.storyboard */; };
		A44A1BD21914D3EF00846096 /* restkitViewController.m in Sources */ = {isa = PBXBuildFile; fileRef = A44A1BD11914D3EF00846096 /* restkitViewController.m */; };
		A44A1BD41914D3EF00846096 /* Images.xcassets in Resources */ = {isa = PBXBuildFile; fileRef = A44A1BD31914D3EF00846096 /* Images.xcassets */; };
		A44A1BDB1914D3F000846096 /* XCTest.framework in Frameworks */ = {isa = PBXBuildFile; fileRef = A44A1BDA1914D3F000846096 /* XCTest.framework */; };
		A44A1BDC1914D3F000846096 /* Foundation.framework in Frameworks */ = {isa = PBXBuildFile; fileRef = A44A1BB81914D3EF00846096 /* Foundation.framework */; };
		A44A1BDD1914D3F000846096 /* UIKit.framework in Frameworks */ = {isa = PBXBuildFile; fileRef = A44A1BBC1914D3EF00846096 /* UIKit.framework */; };
		A44A1BE51914D3F000846096 /* InfoPlist.strings in Resources */ = {isa = PBXBuildFile; fileRef = A44A1BE31914D3F000846096 /* InfoPlist.strings */; };
		A44A1BE71914D3F000846096 /* TestgitTests.m in Sources */ = {isa = PBXBuildFile; fileRef = A44A1BE61914D3F000846096 /* TestgitTests.m */; };
/* End PBXBuildFile section */

/* Begin PBXContainerItemProxy section */
		A44A1BDE1914D3F000846096 /* PBXContainerItemProxy */ = {
			isa = PBXContainerItemProxy;
			containerPortal = A44A1BAD1914D3EF00846096 /* Project object */;
			proxyType = 1;
			remoteGlobalIDString = A44A1BB41914D3EF00846096;
			remoteInfo = Testgit;
		};
/* End PBXContainerItemProxy section */

/* Begin PBXFileReference section */
		A44A1BB51914D3EF00846096 /* Testgit.app */ = {isa = PBXFileReference; explicitFileType = wrapper.application; includeInIndex = 0; path = Testgit.app; sourceTree = BUILT_PRODUCTS_DIR; };
		A44A1BB81914D3EF00846096 /* Foundation.framework */ = {isa = PBXFileReference; lastKnownFileType = wrapper.framework; name = Foundation.framework; path = System/Library/Frameworks/Foundation.framework; sourceTree = SDKROOT; };
		A44A1BBA1914D3EF00846096 /* CoreGraphics.framework */ = {isa = PBXFileReference; lastKnownFileType = wrapper.framework; name = CoreGraphics.framework; path = System/Library/Frameworks/CoreGraphics.framework; sourceTree = SDKROOT; };
		A44A1BBC1914D3EF00846096 /* UIKit.framework */ = {isa = PBXFileReference; lastKnownFileType = wrapper.framework; name = UIKit.framework; path = System/Library/Frameworks/UIKit.framework; sourceTree = SDKROOT; };
		A44A1BC01914D3EF00846096 /* Testgit-Info.plist */ = {isa = PBXFileReference; lastKnownFileType = text.plist.xml; path = "Testgit-Info.plist"; sourceTree = "<group>"; };
		A44A1BC21914D3EF00846096 /* en */ = {isa = PBXFileReference; lastKnownFileType = text.plist.strings; name = en; path = en.lproj/InfoPlist.strings; sourceTree = "<group>"; };
		A44A1BC41914D3EF00846096 /* main.m */ = {isa = PBXFileReference; lastKnownFileType = sourcecode.c.objc; path = main.m; sourceTree = "<group>"; };
		A44A1BC61914D3EF00846096 /* Testgit-Prefix.pch */ = {isa = PBXFileReference; lastKnownFileType = sourcecode.c.h; path = "Testgit-Prefix.pch"; sourceTree = "<group>"; };
		A44A1BC71914D3EF00846096 /* restkitAppDelegate.h */ = {isa = PBXFileReference; lastKnownFileType = sourcecode.c.h; path = restkitAppDelegate.h; sourceTree = "<group>"; };
		A44A1BC81914D3EF00846096 /* restkitAppDelegate.m */ = {isa = PBXFileReference; lastKnownFileType = sourcecode.c.objc; path = restkitAppDelegate.m; sourceTree = "<group>"; };
		A44A1BCB1914D3EF00846096 /* Base */ = {isa = PBXFileReference; lastKnownFileType = file.storyboard; name = Base; path = Base.lproj/Main_iPhone.storyboard; sourceTree = "<group>"; };
		A44A1BCE1914D3EF00846096 /* Base */ = {isa = PBXFileReference; lastKnownFileType = file.storyboard; name = Base; path = Base.lproj/Main_iPad.storyboard; sourceTree = "<group>"; };
		A44A1BD01914D3EF00846096 /* restkitViewController.h */ = {isa = PBXFileReference; lastKnownFileType = sourcecode.c.h; path = restkitViewController.h; sourceTree = "<group>"; };
		A44A1BD11914D3EF00846096 /* restkitViewController.m */ = {isa = PBXFileReference; lastKnownFileType = sourcecode.c.objc; path = restkitViewController.m; sourceTree = "<group>"; };
		A44A1BD31914D3EF00846096 /* Images.xcassets */ = {isa = PBXFileReference; lastKnownFileType = folder.assetcatalog; path = Images.xcassets; sourceTree = "<group>"; };
		A44A1BD91914D3F000846096 /* TestgitTests.xctest */ = {isa = PBXFileReference; explicitFileType = wrapper.cfbundle; includeInIndex = 0; path = TestgitTests.xctest; sourceTree = BUILT_PRODUCTS_DIR; };
		A44A1BDA1914D3F000846096 /* XCTest.framework */ = {isa = PBXFileReference; lastKnownFileType = wrapper.framework; name = XCTest.framework; path = Library/Frameworks/XCTest.framework; sourceTree = DEVELOPER_DIR; };
		A44A1BE21914D3F000846096 /* TestgitTests-Info.plist */ = {isa = PBXFileReference; lastKnownFileType = text.plist.xml; path = "TestgitTests-Info.plist"; sourceTree = "<group>"; };
		A44A1BE41914D3F000846096 /* en */ = {isa = PBXFileReference; lastKnownFileType = text.plist.strings; name = en; path = en.lproj/InfoPlist.strings; sourceTree = "<group>"; };
		A44A1BE61914D3F000846096 /* TestgitTests.m */ = {isa = PBXFileReference; lastKnownFileType = sourcecode.c.objc; path = TestgitTests.m; sourceTree = "<group>"; };
/* End PBXFileReference section */

/* Begin PBXFrameworksBuildPhase section */
		A44A1BB21914D3EF00846096 /* Frameworks */ = {
			isa = PBXFrameworksBuildPhase;
			buildActionMask = 2147483647;
			files = (
				A44A1BBB1914D3EF00846096 /* CoreGraphics.framework in Frameworks */,
				A44A1BBD1914D3EF00846096 /* UIKit.framework in Frameworks */,
				A44A1BB91914D3EF00846096 /* Foundation.framework in Frameworks */,
			);
			runOnlyForDeploymentPostprocessing = 0;
		};
		A44A1BD61914D3F000846096 /* Frameworks */ = {
			isa = PBXFrameworksBuildPhase;
			buildActionMask = 2147483647;
			files = (
				A44A1BDB1914D3F000846096 /* XCTest.framework in Frameworks */,
				A44A1BDD1914D3F000846096 /* UIKit.framework in Frameworks */,
				A44A1BDC1914D3F000846096 /* Foundation.framework in Frameworks */,
			);
			runOnlyForDeploymentPostprocessing = 0;
		};
/* End PBXFrameworksBuildPhase section */

/* Begin PBXGroup section */
		A44A1BAC1914D3EF00846096 = {
			isa = PBXGroup;
			children = (
				A44A1BBE1914D3EF00846096 /* Testgit */,
				A44A1BE01914D3F000846096 /* TestgitTests */,
				A44A1BB71914D3EF00846096 /* Frameworks */,
				A44A1BB61914D3EF00846096 /* Products */,
			);
			sourceTree = "<group>";
		};
		A44A1BB61914D3EF00846096 /* Products */ = {
			isa = PBXGroup;
			children = (
				A44A1BB51914D3EF00846096 /* Testgit.app */,
				A44A1BD91914D3F000846096 /* TestgitTests.xctest */,
			);
			name = Products;
			sourceTree = "<group>";
		};
		A44A1BB71914D3EF00846096 /* Frameworks */ = {
			isa = PBXGroup;
			children = (
				A44A1BB81914D3EF00846096 /* Foundation.framework */,
				A44A1BBA1914D3EF00846096 /* CoreGraphics.framework */,
				A44A1BBC1914D3EF00846096 /* UIKit.framework */,
				A44A1BDA1914D3F000846096 /* XCTest.framework */,
			);
			name = Frameworks;
			sourceTree = "<group>";
		};
		A44A1BBE1914D3EF00846096 /* Testgit */ = {
			isa = PBXGroup;
			children = (
				A44A1BC71914D3EF00846096 /* restkitAppDelegate.h */,
				A44A1BC81914D3EF00846096 /* restkitAppDelegate.m */,
				A44A1BCA1914D3EF00846096 /* Main_iPhone.storyboard */,
				A44A1BCD1914D3EF00846096 /* Main_iPad.storyboard */,
				A44A1BD01914D3EF00846096 /* restkitViewController.h */,
				A44A1BD11914D3EF00846096 /* restkitViewController.m */,
				A44A1BD31914D3EF00846096 /* Images.xcassets */,
				A44A1BBF1914D3EF00846096 /* Supporting Files */,
			);
			path = Testgit;
			sourceTree = "<group>";
		};
		A44A1BBF1914D3EF00846096 /* Supporting Files */ = {
			isa = PBXGroup;
			children = (
				A44A1BC01914D3EF00846096 /* Testgit-Info.plist */,
				A44A1BC11914D3EF00846096 /* InfoPlist.strings */,
				A44A1BC41914D3EF00846096 /* main.m */,
				A44A1BC61914D3EF00846096 /* Testgit-Prefix.pch */,
			);
			name = "Supporting Files";
			sourceTree = "<group>";
		};
		A44A1BE01914D3F000846096 /* TestgitTests */ = {
			isa = PBXGroup;
			children = (
				A44A1BE61914D3F000846096 /* TestgitTests.m */,
				A44A1BE11914D3F000846096 /* Supporting Files */,
			);
			path = TestgitTests;
			sourceTree = "<group>";
		};
		A44A1BE11914D3F000846096 /* Supporting Files */ = {
			isa = PBXGroup;
			children = (
				A44A1BE21914D3F000846096 /* TestgitTests-Info.plist */,
				A44A1BE31914D3F000846096 /* InfoPlist.strings */,
			);
			name = "Supporting Files";
			sourceTree = "<group>";
		};
/* End PBXGroup section */

/* Begin PBXNativeTarget section */
		A44A1BB41914D3EF00846096 /* Testgit */ = {
			isa = PBXNativeTarget;
			buildConfigurationList = A44A1BEA1914D3F000846096 /* Build configuration list for PBXNativeTarget "Testgit" */;
			buildPhases = (
				A44A1BB11914D3EF00846096 /* Sources */,
				A44A1BB21914D3EF00846096 /* Frameworks */,
				A44A1BB31914D3EF00846096 /* Resources */,
			);
			buildRules = (
			);
			dependencies = (
			);
			name = Testgit;
			productName = Testgit;
			productReference = A44A1BB51914D3EF00846096 /* Testgit.app */;
			productType = "com.apple.product-type.application";
		};
		A44A1BD81914D3F000846096 /* TestgitTests */ = {
			isa = PBXNativeTarget;
			buildConfigurationList = A44A1BED1914D3F000846096 /* Build configuration list for PBXNativeTarget "TestgitTests" */;
			buildPhases = (
				A44A1BD51914D3F000846096 /* Sources */,
				A44A1BD61914D3F000846096 /* Frameworks */,
				A44A1BD71914D3F000846096 /* Resources */,
			);
			buildRules = (
			);
			dependencies = (
				A44A1BDF1914D3F000846096 /* PBXTargetDependency */,
			);
			name = TestgitTests;
			productName = TestgitTests;
			productReference = A44A1BD91914D3F000846096 /* TestgitTests.xctest */;
			productType = "com.apple.product-type.bundle.unit-test";
		};
/* End PBXNativeTarget section */

/* Begin PBXProject section */
		A44A1BAD1914D3EF00846096 /* Project object */ = {
			isa = PBXProject;
			attributes = {
				CLASSPREFIX = restkit;
				LastUpgradeCheck = 0500;
				ORGANIZATIONNAME = iKaran;
				TargetAttributes = {
					A44A1BD81914D3F000846096 = {
						TestTargetID = A44A1BB41914D3EF00846096;
					};
				};
			};
			buildConfigurationList = A44A1BB01914D3EF00846096 /* Build configuration list for PBXProject "Testgit" */;
			compatibilityVersion = "Xcode 3.2";
			developmentRegion = English;
			hasScannedForEncodings = 0;
			knownRegions = (
				en,
				Base,
			);
			mainGroup = A44A1BAC1914D3EF00846096;
			productRefGroup = A44A1BB61914D3EF00846096 /* Products */;
			projectDirPath = "";
			projectRoot = "";
			targets = (
				A44A1BB41914D3EF00846096 /* Testgit */,
				A44A1BD81914D3F000846096 /* TestgitTests */,
			);
		};
/* End PBXProject section */

/* Begin PBXResourcesBuildPhase section */
		A44A1BB31914D3EF00846096 /* Resources */ = {
			isa = PBXResourcesBuildPhase;
			buildActionMask = 2147483647;
			files = (
				A44A1BCF1914D3EF00846096 /* Main_iPad.storyboard in Resources */,
				A44A1BD41914D3EF00846096 /* Images.xcassets in Resources */,
				A44A1BCC1914D3EF00846096 /* Main_iPhone.storyboard in Resources */,
				A44A1BC31914D3EF00846096 /* InfoPlist.strings in Resources */,
			);
			runOnlyForDeploymentPostprocessing = 0;
		};
		A44A1BD71914D3F000846096 /* Resources */ = {
			isa = PBXResourcesBuildPhase;
			buildActionMask = 2147483647;
			files = (
				A44A1BE51914D3F000846096 /* InfoPlist.strings in Resources */,
			);
			runOnlyForDeploymentPostprocessing = 0;
		};
/* End PBXResourcesBuildPhase section */

/* Begin PBXSourcesBuildPhase section */
		A44A1BB11914D3EF00846096 /* Sources */ = {
			isa = PBXSourcesBuildPhase;
			buildActionMask = 2147483647;
			files = (
				A44A1BD21914D3EF00846096 /* restkitViewController.m in Sources */,
				A44A1BC51914D3EF00846096 /* main.m in Sources */,
				A44A1BC91914D3EF00846096 /* restkitAppDelegate.m in Sources */,
			);
			runOnlyForDeploymentPostprocessing = 0;
		};
		A44A1BD51914D3F000846096 /* Sources */ = {
			isa = PBXSourcesBuildPhase;
			buildActionMask = 2147483647;
			files = (
				A44A1BE71914D3F000846096 /* TestgitTests.m in Sources */,
			);
			runOnlyForDeploymentPostprocessing = 0;
		};
/* End PBXSourcesBuildPhase section */

/* Begin PBXTargetDependency section */
		A44A1BDF1914D3F000846096 /* PBXTargetDependency */ = {
			isa = PBXTargetDependency;
			target = A44A1BB41914D3EF00846096 /* Testgit */;
			targetProxy = A44A1BDE1914D3F000846096 /* PBXContainerItemProxy */;
		};
/* End PBXTargetDependency section */

/* Begin PBXVariantGroup section */
		A44A1BC11914D3EF00846096 /* InfoPlist.strings */ = {
			isa = PBXVariantGroup;
			children = (
				A44A1BC21914D3EF00846096 /* en */,
			);
			name = InfoPlist.strings;
			sourceTree = "<group>";
		};
		A44A1BCA1914D3EF00846096 /* Main_iPhone.storyboard */ = {
			isa = PBXVariantGroup;
			children = (
				A44A1BCB1914D3EF00846096 /* Base */,
			);
			name = Main_iPhone.storyboard;
			sourceTree = "<group>";
		};
		A44A1BCD1914D3EF00846096 /* Main_iPad.storyboard */ = {
			isa = PBXVariantGroup;
			children = (
				A44A1BCE1914D3EF00846096 /* Base */,
			);
			name = Main_iPad.storyboard;
			sourceTree = "<group>";
		};
		A44A1BE31914D3F000846096 /* InfoPlist.strings */ = {
			isa = PBXVariantGroup;
			children = (
				A44A1BE41914D3F000846096 /* en */,
			);
			name = InfoPlist.strings;
			sourceTree = "<group>";
		};
/* End PBXVariantGroup section */

/* Begin XCBuildConfiguration section */
		A44A1BE81914D3F000846096 /* Debug */ = {
			isa = XCBuildConfiguration;
			buildSettings = {
				ALWAYS_SEARCH_USER_PATHS = NO;
				ARCHS = "$(ARCHS_STANDARD_INCLUDING_64_BIT)";
				CLANG_CXX_LANGUAGE_STANDARD = "gnu++0x";
				CLANG_CXX_LIBRARY = "libc++";
				CLANG_ENABLE_MODULES = YES;
				CLANG_ENABLE_OBJC_ARC = YES;
				CLANG_WARN_BOOL_CONVERSION = YES;
				CLANG_WARN_CONSTANT_CONVERSION = YES;
				CLANG_WARN_DIRECT_OBJC_ISA_USAGE = YES_ERROR;
				CLANG_WARN_EMPTY_BODY = YES;
				CLANG_WARN_ENUM_CONVERSION = YES;
				CLANG_WARN_INT_CONVERSION = YES;
				CLANG_WARN_OBJC_ROOT_CLASS = YES_ERROR;
				CLANG_WARN__DUPLICATE_METHOD_MATCH = YES;
				"CODE_SIGN_IDENTITY[sdk=iphoneos*]" = "iPhone Developer";
				COPY_PHASE_STRIP = NO;
				GCC_C_LANGUAGE_STANDARD = gnu99;
				GCC_DYNAMIC_NO_PIC = NO;
				GCC_OPTIMIZATION_LEVEL = 0;
				GCC_PREPROCESSOR_DEFINITIONS = (
					"DEBUG=1",
					"$(inherited)",
				);
				GCC_SYMBOLS_PRIVATE_EXTERN = NO;
				GCC_WARN_64_TO_32_BIT_CONVERSION = YES;
				GCC_WARN_ABOUT_RETURN_TYPE = YES_ERROR;
				GCC_WARN_UNDECLARED_SELECTOR = YES;
				GCC_WARN_UNINITIALIZED_AUTOS = YES;
				GCC_WARN_UNUSED_FUNCTION = YES;
				GCC_WARN_UNUSED_VARIABLE = YES;
				IPHONEOS_DEPLOYMENT_TARGET = 7.0;
				ONLY_ACTIVE_ARCH = YES;
				SDKROOT = iphoneos;
				TARGETED_DEVICE_FAMILY = "1,2";
			};
			name = Debug;
		};
		A44A1BE91914D3F000846096 /* Release */ = {
			isa = XCBuildConfiguration;
			buildSettings = {
				ALWAYS_SEARCH_USER_PATHS = NO;
				ARCHS = "$(ARCHS_STANDARD_INCLUDING_64_BIT)";
				CLANG_CXX_LANGUAGE_STANDARD = "gnu++0x";
				CLANG_CXX_LIBRARY = "libc++";
				CLANG_ENABLE_MODULES = YES;
				CLANG_ENABLE_OBJC_ARC = YES;
				CLANG_WARN_BOOL_CONVERSION = YES;
				CLANG_WARN_CONSTANT_CONVERSION = YES;
				CLANG_WARN_DIRECT_OBJC_ISA_USAGE = YES_ERROR;
				CLANG_WARN_EMPTY_BODY = YES;
				CLANG_WARN_ENUM_CONVERSION = YES;
				CLANG_WARN_INT_CONVERSION = YES;
				CLANG_WARN_OBJC_ROOT_CLASS = YES_ERROR;
				CLANG_WARN__DUPLICATE_METHOD_MATCH = YES;
				"CODE_SIGN_IDENTITY[sdk=iphoneos*]" = "iPhone Developer";
				COPY_PHASE_STRIP = YES;
				ENABLE_NS_ASSERTIONS = NO;
				GCC_C_LANGUAGE_STANDARD = gnu99;
				GCC_WARN_64_TO_32_BIT_CONVERSION = YES;
				GCC_WARN_ABOUT_RETURN_TYPE = YES_ERROR;
				GCC_WARN_UNDECLARED_SELECTOR = YES;
				GCC_WARN_UNINITIALIZED_AUTOS = YES;
				GCC_WARN_UNUSED_FUNCTION = YES;
				GCC_WARN_UNUSED_VARIABLE = YES;
				IPHONEOS_DEPLOYMENT_TARGET = 7.0;
				SDKROOT = iphoneos;
				TARGETED_DEVICE_FAMILY = "1,2";
				VALIDATE_PRODUCT = YES;
			};
			name = Release;
		};
		A44A1BEB1914D3F000846096 /* Debug */ = {
			isa = XCBuildConfiguration;
			buildSettings = {
				ASSETCATALOG_COMPILER_APPICON_NAME = AppIcon;
				ASSETCATALOG_COMPILER_LAUNCHIMAGE_NAME = LaunchImage;
				GCC_PRECOMPILE_PREFIX_HEADER = YES;
				GCC_PREFIX_HEADER = "Testgit/Testgit-Prefix.pch";
				INFOPLIST_FILE = "Testgit/Testgit-Info.plist";
				PRODUCT_NAME = "$(TARGET_NAME)";
				WRAPPER_EXTENSION = app;
			};
			name = Debug;
		};
		A44A1BEC1914D3F000846096 /* Release */ = {
			isa = XCBuildConfiguration;
			buildSettings = {
				ASSETCATALOG_COMPILER_APPICON_NAME = AppIcon;
				ASSETCATALOG_COMPILER_LAUNCHIMAGE_NAME = LaunchImage;
				GCC_PRECOMPILE_PREFIX_HEADER = YES;
				GCC_PREFIX_HEADER = "Testgit/Testgit-Prefix.pch";
				INFOPLIST_FILE = "Testgit/Testgit-Info.plist";
				PRODUCT_NAME = "$(TARGET_NAME)";
				WRAPPER_EXTENSION = app;
			};
			name = Release;
		};
		A44A1BEE1914D3F000846096 /* Debug */ = {
			isa = XCBuildConfiguration;
			buildSettings = {
				ARCHS = "$(ARCHS_STANDARD_INCLUDING_64_BIT)";
				BUNDLE_LOADER = "$(BUILT_PRODUCTS_DIR)/Testgit.app/Testgit";
				FRAMEWORK_SEARCH_PATHS = (
					"$(SDKROOT)/Developer/Library/Frameworks",
					"$(inherited)",
					"$(DEVELOPER_FRAMEWORKS_DIR)",
				);
				GCC_PRECOMPILE_PREFIX_HEADER = YES;
				GCC_PREFIX_HEADER = "Testgit/Testgit-Prefix.pch";
				GCC_PREPROCESSOR_DEFINITIONS = (
					"DEBUG=1",
					"$(inherited)",
				);
				INFOPLIST_FILE = "TestgitTests/TestgitTests-Info.plist";
				PRODUCT_NAME = "$(TARGET_NAME)";
				TEST_HOST = "$(BUNDLE_LOADER)";
				WRAPPER_EXTENSION = xctest;
			};
			name = Debug;
		};
		A44A1BEF1914D3F000846096 /* Release */ = {
			isa = XCBuildConfiguration;
			buildSettings = {
				ARCHS = "$(ARCHS_STANDARD_INCLUDING_64_BIT)";
				BUNDLE_LOADER = "$(BUILT_PRODUCTS_DIR)/Testgit.app/Testgit";
				FRAMEWORK_SEARCH_PATHS = (
					"$(SDKROOT)/Developer/Library/Frameworks",
					"$(inherited)",
					"$(DEVELOPER_FRAMEWORKS_DIR)",
				);
				GCC_PRECOMPILE_PREFIX_HEADER = YES;
				GCC_PREFIX_HEADER = "Testgit/Testgit-Prefix.pch";
				INFOPLIST_FILE = "TestgitTests/TestgitTests-Info.plist";
				PRODUCT_NAME = "$(TARGET_NAME)";
				TEST_HOST = "$(BUNDLE_LOADER)";
				WRAPPER_EXTENSION = xctest;
			};
			name = Release;
		};
/* End XCBuildConfiguration section */

/* Begin XCConfigurationList section */
		A44A1BB01914D3EF00846096 /* Build configuration list for PBXProject "Testgit" */ = {
			isa = XCConfigurationList;
			buildConfigurations = (
				A44A1BE81914D3F000846096 /* Debug */,
				A44A1BE91914D3F000846096 /* Release */,
			);
			defaultConfigurationIsVisible = 0;
			defaultConfigurationName = Release;
		};
		A44A1BEA1914D3F000846096 /* Build configuration list for PBXNativeTarget "Testgit" */ = {
			isa = XCConfigurationList;
			buildConfigurations = (
				A44A1BEB1914D3F000846096 /* Debug */,
				A44A1BEC1914D3F000846096 /* Release */,
			);
			defaultConfigurationIsVisible = 0;
		};
		A44A1BED1914D3F000846096 /* Build configuration list for PBXNativeTarget "TestgitTests" */ = {
			isa = XCConfigurationList;
			buildConfigurations = (
				A44A1BEE1914D3F000846096 /* Debug */,
				A44A1BEF1914D3F000846096 /* Release */,
			);
			defaultConfigurationIsVisible = 0;
		};
/* End XCConfigurationList section */
	};
	rootObject = A44A1BAD1914D3EF00846096 /* Project object */;
}
